// !$*UTF8*$!
{
	archiveVersion = 1;
	classes = {
	};
	objectVersion = 46;
	objects = {

/* Begin PBXBuildFile section */
		3F2665BC1BE9EB1D00100C75 /* main.m in Sources */ = {isa = PBXBuildFile; fileRef = 3F2665BB1BE9EB1D00100C75 /* main.m */; };
		3F2665BF1BE9EB1D00100C75 /* AppDelegate.m in Sources */ = {isa = PBXBuildFile; fileRef = 3F2665BE1BE9EB1D00100C75 /* AppDelegate.m */; };
		3F2665C21BE9EB1D00100C75 /* ViewController.m in Sources */ = {isa = PBXBuildFile; fileRef = 3F2665C11BE9EB1D00100C75 /* ViewController.m */; };
		3F2665C51BE9EB1D00100C75 /* Main.storyboard in Resources */ = {isa = PBXBuildFile; fileRef = 3F2665C31BE9EB1D00100C75 /* Main.storyboard */; };
		3F2665C71BE9EB1D00100C75 /* Assets.xcassets in Resources */ = {isa = PBXBuildFile; fileRef = 3F2665C61BE9EB1D00100C75 /* Assets.xcassets */; };
		3F2665CA1BE9EB1D00100C75 /* LaunchScreen.storyboard in Resources */ = {isa = PBXBuildFile; fileRef = 3F2665C81BE9EB1D00100C75 /* LaunchScreen.storyboard */; };
		3F2665D51BE9EB1D00100C75 /* TDImagePickerTests.m in Sources */ = {isa = PBXBuildFile; fileRef = 3F2665D41BE9EB1D00100C75 /* TDImagePickerTests.m */; };
		3F2665E01BE9EB1D00100C75 /* TDImagePickerUITests.m in Sources */ = {isa = PBXBuildFile; fileRef = 3F2665DF1BE9EB1D00100C75 /* TDImagePickerUITests.m */; };
		3F2665FE1BE9EBE900100C75 /* TDAssetGroupCell.m in Sources */ = {isa = PBXBuildFile; fileRef = 3F2665F31BE9EBE900100C75 /* TDAssetGroupCell.m */; };
		3F2665FF1BE9EBE900100C75 /* TDAssetsViewCell.m in Sources */ = {isa = PBXBuildFile; fileRef = 3F2665F51BE9EBE900100C75 /* TDAssetsViewCell.m */; };
		3F2666001BE9EBE900100C75 /* TDImageGroupPickerView.m in Sources */ = {isa = PBXBuildFile; fileRef = 3F2665F71BE9EBE900100C75 /* TDImageGroupPickerView.m */; };
		3F2666011BE9EBE900100C75 /* TDImagePickerController.m in Sources */ = {isa = PBXBuildFile; fileRef = 3F2665F91BE9EBE900100C75 /* TDImagePickerController.m */; };
		3F2666021BE9EBE900100C75 /* TDImagePreviewController.m in Sources */ = {isa = PBXBuildFile; fileRef = 3F2665FB1BE9EBE900100C75 /* TDImagePreviewController.m */; };
		3F2666031BE9EBE900100C75 /* TDSignAssetsCell.m in Sources */ = {isa = PBXBuildFile; fileRef = 3F2665FD1BE9EBE900100C75 /* TDSignAssetsCell.m */; };
		3F2666071BE9ED9600100C75 /* UIView+Position.m in Sources */ = {isa = PBXBuildFile; fileRef = 3F2666061BE9ED9600100C75 /* UIView+Position.m */; };
		3F26660A1BE9FB4D00100C75 /* TDColor.m in Sources */ = {isa = PBXBuildFile; fileRef = 3F2666091BE9FB4D00100C75 /* TDColor.m */; };
/* End PBXBuildFile section */

/* Begin PBXContainerItemProxy section */
		3F2665D11BE9EB1D00100C75 /* PBXContainerItemProxy */ = {
			isa = PBXContainerItemProxy;
			containerPortal = 3F2665AF1BE9EB1C00100C75 /* Project object */;
			proxyType = 1;
			remoteGlobalIDString = 3F2665B61BE9EB1C00100C75;
			remoteInfo = TDImagePicker;
		};
		3F2665DC1BE9EB1D00100C75 /* PBXContainerItemProxy */ = {
			isa = PBXContainerItemProxy;
			containerPortal = 3F2665AF1BE9EB1C00100C75 /* Project object */;
			proxyType = 1;
			remoteGlobalIDString = 3F2665B61BE9EB1C00100C75;
			remoteInfo = TDImagePicker;
		};
/* End PBXContainerItemProxy section */

/* Begin PBXFileReference section */
		3F2665B71BE9EB1D00100C75 /* TDImagePicker.app */ = {isa = PBXFileReference; explicitFileType = wrapper.application; includeInIndex = 0; path = TDImagePicker.app; sourceTree = BUILT_PRODUCTS_DIR; };
		3F2665BB1BE9EB1D00100C75 /* main.m */ = {isa = PBXFileReference; lastKnownFileType = sourcecode.c.objc; path = main.m; sourceTree = "<group>"; };
		3F2665BD1BE9EB1D00100C75 /* AppDelegate.h */ = {isa = PBXFileReference; lastKnownFileType = sourcecode.c.h; path = AppDelegate.h; sourceTree = "<group>"; };
		3F2665BE1BE9EB1D00100C75 /* AppDelegate.m */ = {isa = PBXFileReference; lastKnownFileType = sourcecode.c.objc; path = AppDelegate.m; sourceTree = "<group>"; };
		3F2665C01BE9EB1D00100C75 /* ViewController.h */ = {isa = PBXFileReference; lastKnownFileType = sourcecode.c.h; path = ViewController.h; sourceTree = "<group>"; };
		3F2665C11BE9EB1D00100C75 /* ViewController.m */ = {isa = PBXFileReference; lastKnownFileType = sourcecode.c.objc; path = ViewController.m; sourceTree = "<group>"; };
		3F2665C41BE9EB1D00100C75 /* Base */ = {isa = PBXFileReference; lastKnownFileType = file.storyboard; name = Base; path = Base.lproj/Main.storyboard; sourceTree = "<group>"; };
		3F2665C61BE9EB1D00100C75 /* Assets.xcassets */ = {isa = PBXFileReference; lastKnownFileType = folder.assetcatalog; path = Assets.xcassets; sourceTree = "<group>"; };
		3F2665C91BE9EB1D00100C75 /* Base */ = {isa = PBXFileReference; lastKnownFileType = file.storyboard; name = Base; path = Base.lproj/LaunchScreen.storyboard; sourceTree = "<group>"; };
		3F2665CB1BE9EB1D00100C75 /* Info.plist */ = {isa = PBXFileReference; lastKnownFileType = text.plist.xml; path = Info.plist; sourceTree = "<group>"; };
		3F2665D01BE9EB1D00100C75 /* TDImagePickerTests.xctest */ = {isa = PBXFileReference; explicitFileType = wrapper.cfbundle; includeInIndex = 0; path = TDImagePickerTests.xctest; sourceTree = BUILT_PRODUCTS_DIR; };
		3F2665D41BE9EB1D00100C75 /* TDImagePickerTests.m */ = {isa = PBXFileReference; lastKnownFileType = sourcecode.c.objc; path = TDImagePickerTests.m; sourceTree = "<group>"; };
		3F2665D61BE9EB1D00100C75 /* Info.plist */ = {isa = PBXFileReference; lastKnownFileType = text.plist.xml; path = Info.plist; sourceTree = "<group>"; };
		3F2665DB1BE9EB1D00100C75 /* TDImagePickerUITests.xctest */ = {isa = PBXFileReference; explicitFileType = wrapper.cfbundle; includeInIndex = 0; path = TDImagePickerUITests.xctest; sourceTree = BUILT_PRODUCTS_DIR; };
		3F2665DF1BE9EB1D00100C75 /* TDImagePickerUITests.m */ = {isa = PBXFileReference; lastKnownFileType = sourcecode.c.objc; path = TDImagePickerUITests.m; sourceTree = "<group>"; };
		3F2665E11BE9EB1D00100C75 /* Info.plist */ = {isa = PBXFileReference; lastKnownFileType = text.plist.xml; path = Info.plist; sourceTree = "<group>"; };
		3F2665F21BE9EBE900100C75 /* TDAssetGroupCell.h */ = {isa = PBXFileReference; fileEncoding = 4; lastKnownFileType = sourcecode.c.h; path = TDAssetGroupCell.h; sourceTree = "<group>"; };
		3F2665F31BE9EBE900100C75 /* TDAssetGroupCell.m */ = {isa = PBXFileReference; fileEncoding = 4; lastKnownFileType = sourcecode.c.objc; path = TDAssetGroupCell.m; sourceTree = "<group>"; };
		3F2665F41BE9EBE900100C75 /* TDAssetsViewCell.h */ = {isa = PBXFileReference; fileEncoding = 4; lastKnownFileType = sourcecode.c.h; path = TDAssetsViewCell.h; sourceTree = "<group>"; };
		3F2665F51BE9EBE900100C75 /* TDAssetsViewCell.m */ = {isa = PBXFileReference; fileEncoding = 4; lastKnownFileType = sourcecode.c.objc; path = TDAssetsViewCell.m; sourceTree = "<group>"; };
		3F2665F61BE9EBE900100C75 /* TDImageGroupPickerView.h */ = {isa = PBXFileReference; fileEncoding = 4; lastKnownFileType = sourcecode.c.h; path = TDImageGroupPickerView.h; sourceTree = "<group>"; };
		3F2665F71BE9EBE900100C75 /* TDImageGroupPickerView.m */ = {isa = PBXFileReference; fileEncoding = 4; lastKnownFileType = sourcecode.c.objc; path = TDImageGroupPickerView.m; sourceTree = "<group>"; };
		3F2665F81BE9EBE900100C75 /* TDImagePickerController.h */ = {isa = PBXFileReference; fileEncoding = 4; lastKnownFileType = sourcecode.c.h; path = TDImagePickerController.h; sourceTree = "<group>"; };
		3F2665F91BE9EBE900100C75 /* TDImagePickerController.m */ = {isa = PBXFileReference; fileEncoding = 4; lastKnownFileType = sourcecode.c.objc; path = TDImagePickerController.m; sourceTree = "<group>"; };
		3F2665FA1BE9EBE900100C75 /* TDImagePreviewController.h */ = {isa = PBXFileReference; fileEncoding = 4; lastKnownFileType = sourcecode.c.h; path = TDImagePreviewController.h; sourceTree = "<group>"; };
		3F2665FB1BE9EBE900100C75 /* TDImagePreviewController.m */ = {isa = PBXFileReference; fileEncoding = 4; lastKnownFileType = sourcecode.c.objc; path = TDImagePreviewController.m; sourceTree = "<group>"; };
		3F2665FC1BE9EBE900100C75 /* TDSignAssetsCell.h */ = {isa = PBXFileReference; fileEncoding = 4; lastKnownFileType = sourcecode.c.h; path = TDSignAssetsCell.h; sourceTree = "<group>"; };
		3F2665FD1BE9EBE900100C75 /* TDSignAssetsCell.m */ = {isa = PBXFileReference; fileEncoding = 4; lastKnownFileType = sourcecode.c.objc; path = TDSignAssetsCell.m; sourceTree = "<group>"; };
		3F2666041BE9ED3100100C75 /* TDimagePickerUtils.h */ = {isa = PBXFileReference; lastKnownFileType = sourcecode.c.h; path = TDimagePickerUtils.h; sourceTree = "<group>"; };
		3F2666051BE9ED9600100C75 /* UIView+Position.h */ = {isa = PBXFileReference; fileEncoding = 4; lastKnownFileType = sourcecode.c.h; path = "UIView+Position.h"; sourceTree = "<group>"; };
		3F2666061BE9ED9600100C75 /* UIView+Position.m */ = {isa = PBXFileReference; fileEncoding = 4; lastKnownFileType = sourcecode.c.objc; path = "UIView+Position.m"; sourceTree = "<group>"; };
		3F2666081BE9FB4D00100C75 /* TDColor.h */ = {isa = PBXFileReference; fileEncoding = 4; lastKnownFileType = sourcecode.c.h; path = TDColor.h; sourceTree = "<group>"; };
		3F2666091BE9FB4D00100C75 /* TDColor.m */ = {isa = PBXFileReference; fileEncoding = 4; lastKnownFileType = sourcecode.c.objc; path = TDColor.m; sourceTree = "<group>"; };
/* End PBXFileReference section */

/* Begin PBXFrameworksBuildPhase section */
		3F2665B41BE9EB1C00100C75 /* Frameworks */ = {
			isa = PBXFrameworksBuildPhase;
			buildActionMask = 2147483647;
			files = (
			);
			runOnlyForDeploymentPostprocessing = 0;
		};
		3F2665CD1BE9EB1D00100C75 /* Frameworks */ = {
			isa = PBXFrameworksBuildPhase;
			buildActionMask = 2147483647;
			files = (
			);
			runOnlyForDeploymentPostprocessing = 0;
		};
		3F2665D81BE9EB1D00100C75 /* Frameworks */ = {
			isa = PBXFrameworksBuildPhase;
			buildActionMask = 2147483647;
			files = (
			);
			runOnlyForDeploymentPostprocessing = 0;
		};
/* End PBXFrameworksBuildPhase section */

/* Begin PBXGroup section */
		3F2665AE1BE9EB1C00100C75 = {
			isa = PBXGroup;
			children = (
				3F2665B91BE9EB1D00100C75 /* TDImagePicker */,
				3F2665D31BE9EB1D00100C75 /* TDImagePickerTests */,
				3F2665DE1BE9EB1D00100C75 /* TDImagePickerUITests */,
				3F2665B81BE9EB1D00100C75 /* Products */,
			);
			sourceTree = "<group>";
		};
		3F2665B81BE9EB1D00100C75 /* Products */ = {
			isa = PBXGroup;
			children = (
				3F2665B71BE9EB1D00100C75 /* TDImagePicker.app */,
				3F2665D01BE9EB1D00100C75 /* TDImagePickerTests.xctest */,
				3F2665DB1BE9EB1D00100C75 /* TDImagePickerUITests.xctest */,
			);
			name = Products;
			sourceTree = "<group>";
		};
		3F2665B91BE9EB1D00100C75 /* TDImagePicker */ = {
			isa = PBXGroup;
			children = (
				3F2665F11BE9EBE900100C75 /* TDImagePicker */,
				3F2665BD1BE9EB1D00100C75 /* AppDelegate.h */,
				3F2665BE1BE9EB1D00100C75 /* AppDelegate.m */,
				3F2665C01BE9EB1D00100C75 /* ViewController.h */,
				3F2665C11BE9EB1D00100C75 /* ViewController.m */,
				3F2665C31BE9EB1D00100C75 /* Main.storyboard */,
				3F2665C61BE9EB1D00100C75 /* Assets.xcassets */,
				3F2665C81BE9EB1D00100C75 /* LaunchScreen.storyboard */,
				3F2665CB1BE9EB1D00100C75 /* Info.plist */,
				3F2665BA1BE9EB1D00100C75 /* Supporting Files */,
			);
			path = TDImagePicker;
			sourceTree = "<group>";
		};
		3F2665BA1BE9EB1D00100C75 /* Supporting Files */ = {
			isa = PBXGroup;
			children = (
				3F2665BB1BE9EB1D00100C75 /* main.m */,
			);
			name = "Supporting Files";
			sourceTree = "<group>";
		};
		3F2665D31BE9EB1D00100C75 /* TDImagePickerTests */ = {
			isa = PBXGroup;
			children = (
				3F2665D41BE9EB1D00100C75 /* TDImagePickerTests.m */,
				3F2665D61BE9EB1D00100C75 /* Info.plist */,
			);
			path = TDImagePickerTests;
			sourceTree = "<group>";
		};
		3F2665DE1BE9EB1D00100C75 /* TDImagePickerUITests */ = {
			isa = PBXGroup;
			children = (
				3F2665DF1BE9EB1D00100C75 /* TDImagePickerUITests.m */,
				3F2665E11BE9EB1D00100C75 /* Info.plist */,
			);
			path = TDImagePickerUITests;
			sourceTree = "<group>";
		};
		3F2665F11BE9EBE900100C75 /* TDImagePicker */ = {
			isa = PBXGroup;
			children = (
				3F2666081BE9FB4D00100C75 /* TDColor.h */,
				3F2666091BE9FB4D00100C75 /* TDColor.m */,
				3F2666051BE9ED9600100C75 /* UIView+Position.h */,
				3F2666061BE9ED9600100C75 /* UIView+Position.m */,
				3F2665F21BE9EBE900100C75 /* TDAssetGroupCell.h */,
				3F2665F31BE9EBE900100C75 /* TDAssetGroupCell.m */,
				3F2665F41BE9EBE900100C75 /* TDAssetsViewCell.h */,
				3F2665F51BE9EBE900100C75 /* TDAssetsViewCell.m */,
				3F2665F61BE9EBE900100C75 /* TDImageGroupPickerView.h */,
				3F2665F71BE9EBE900100C75 /* TDImageGroupPickerView.m */,
				3F2665F81BE9EBE900100C75 /* TDImagePickerController.h */,
				3F2665F91BE9EBE900100C75 /* TDImagePickerController.m */,
				3F2665FA1BE9EBE900100C75 /* TDImagePreviewController.h */,
				3F2665FB1BE9EBE900100C75 /* TDImagePreviewController.m */,
				3F2665FC1BE9EBE900100C75 /* TDSignAssetsCell.h */,
				3F2665FD1BE9EBE900100C75 /* TDSignAssetsCell.m */,
				3F2666041BE9ED3100100C75 /* TDimagePickerUtils.h */,
			);
			path = TDImagePicker;
			sourceTree = "<group>";
		};
/* End PBXGroup section */

/* Begin PBXNativeTarget section */
		3F2665B61BE9EB1C00100C75 /* TDImagePicker */ = {
			isa = PBXNativeTarget;
			buildConfigurationList = 3F2665E41BE9EB1D00100C75 /* Build configuration list for PBXNativeTarget "TDImagePicker" */;
			buildPhases = (
				3F2665B31BE9EB1C00100C75 /* Sources */,
				3F2665B41BE9EB1C00100C75 /* Frameworks */,
				3F2665B51BE9EB1C00100C75 /* Resources */,
			);
			buildRules = (
			);
			dependencies = (
			);
			name = TDImagePicker;
			productName = TDImagePicker;
			productReference = 3F2665B71BE9EB1D00100C75 /* TDImagePicker.app */;
			productType = "com.apple.product-type.application";
		};
		3F2665CF1BE9EB1D00100C75 /* TDImagePickerTests */ = {
			isa = PBXNativeTarget;
			buildConfigurationList = 3F2665E71BE9EB1D00100C75 /* Build configuration list for PBXNativeTarget "TDImagePickerTests" */;
			buildPhases = (
				3F2665CC1BE9EB1D00100C75 /* Sources */,
				3F2665CD1BE9EB1D00100C75 /* Frameworks */,
				3F2665CE1BE9EB1D00100C75 /* Resources */,
			);
			buildRules = (
			);
			dependencies = (
				3F2665D21BE9EB1D00100C75 /* PBXTargetDependency */,
			);
			name = TDImagePickerTests;
			productName = TDImagePickerTests;
			productReference = 3F2665D01BE9EB1D00100C75 /* TDImagePickerTests.xctest */;
			productType = "com.apple.product-type.bundle.unit-test";
		};
		3F2665DA1BE9EB1D00100C75 /* TDImagePickerUITests */ = {
			isa = PBXNativeTarget;
			buildConfigurationList = 3F2665EA1BE9EB1D00100C75 /* Build configuration list for PBXNativeTarget "TDImagePickerUITests" */;
			buildPhases = (
				3F2665D71BE9EB1D00100C75 /* Sources */,
				3F2665D81BE9EB1D00100C75 /* Frameworks */,
				3F2665D91BE9EB1D00100C75 /* Resources */,
			);
			buildRules = (
			);
			dependencies = (
				3F2665DD1BE9EB1D00100C75 /* PBXTargetDependency */,
			);
			name = TDImagePickerUITests;
			productName = TDImagePickerUITests;
			productReference = 3F2665DB1BE9EB1D00100C75 /* TDImagePickerUITests.xctest */;
			productType = "com.apple.product-type.bundle.ui-testing";
		};
/* End PBXNativeTarget section */

/* Begin PBXProject section */
		3F2665AF1BE9EB1C00100C75 /* Project object */ = {
			isa = PBXProject;
			attributes = {
				LastUpgradeCheck = 0710;
				ORGANIZATIONNAME = "Su Jiandong";
				TargetAttributes = {
					3F2665B61BE9EB1C00100C75 = {
						CreatedOnToolsVersion = 7.1;
						DevelopmentTeam = 48TJ9ZAVQ8;
					};
					3F2665CF1BE9EB1D00100C75 = {
						CreatedOnToolsVersion = 7.1;
						DevelopmentTeam = 48TJ9ZAVQ8;
						TestTargetID = 3F2665B61BE9EB1C00100C75;
					};
					3F2665DA1BE9EB1D00100C75 = {
						CreatedOnToolsVersion = 7.1;
						DevelopmentTeam = 48TJ9ZAVQ8;
						TestTargetID = 3F2665B61BE9EB1C00100C75;
					};
				};
			};
			buildConfigurationList = 3F2665B21BE9EB1C00100C75 /* Build configuration list for PBXProject "TDImagePicker" */;
			compatibilityVersion = "Xcode 3.2";
			developmentRegion = English;
			hasScannedForEncodings = 0;
			knownRegions = (
				en,
				Base,
			);
			mainGroup = 3F2665AE1BE9EB1C00100C75;
			productRefGroup = 3F2665B81BE9EB1D00100C75 /* Products */;
			projectDirPath = "";
			projectRoot = "";
			targets = (
				3F2665B61BE9EB1C00100C75 /* TDImagePicker */,
				3F2665CF1BE9EB1D00100C75 /* TDImagePickerTests */,
				3F2665DA1BE9EB1D00100C75 /* TDImagePickerUITests */,
			);
		};
/* End PBXProject section */

/* Begin PBXResourcesBuildPhase section */
		3F2665B51BE9EB1C00100C75 /* Resources */ = {
			isa = PBXResourcesBuildPhase;
			buildActionMask = 2147483647;
			files = (
				3F2665CA1BE9EB1D00100C75 /* LaunchScreen.storyboard in Resources */,
				3F2665C71BE9EB1D00100C75 /* Assets.xcassets in Resources */,
				3F2665C51BE9EB1D00100C75 /* Main.storyboard in Resources */,
			);
			runOnlyForDeploymentPostprocessing = 0;
		};
		3F2665CE1BE9EB1D00100C75 /* Resources */ = {
			isa = PBXResourcesBuildPhase;
			buildActionMask = 2147483647;
			files = (
			);
			runOnlyForDeploymentPostprocessing = 0;
		};
		3F2665D91BE9EB1D00100C75 /* Resources */ = {
			isa = PBXResourcesBuildPhase;
			buildActionMask = 2147483647;
			files = (
			);
			runOnlyForDeploymentPostprocessing = 0;
		};
/* End PBXResourcesBuildPhase section */

/* Begin PBXSourcesBuildPhase section */
		3F2665B31BE9EB1C00100C75 /* Sources */ = {
			isa = PBXSourcesBuildPhase;
			buildActionMask = 2147483647;
			files = (
				3F2665C21BE9EB1D00100C75 /* ViewController.m in Sources */,
				3F2666031BE9EBE900100C75 /* TDSignAssetsCell.m in Sources */,
				3F2665BF1BE9EB1D00100C75 /* AppDelegate.m in Sources */,
				3F2666071BE9ED9600100C75 /* UIView+Position.m in Sources */,
				3F26660A1BE9FB4D00100C75 /* TDColor.m in Sources */,
				3F2666001BE9EBE900100C75 /* TDImageGroupPickerView.m in Sources */,
				3F2666011BE9EBE900100C75 /* TDImagePickerController.m in Sources */,
				3F2665FE1BE9EBE900100C75 /* TDAssetGroupCell.m in Sources */,
				3F2665BC1BE9EB1D00100C75 /* main.m in Sources */,
				3F2666021BE9EBE900100C75 /* TDImagePreviewController.m in Sources */,
				3F2665FF1BE9EBE900100C75 /* TDAssetsViewCell.m in Sources */,
			);
			runOnlyForDeploymentPostprocessing = 0;
		};
		3F2665CC1BE9EB1D00100C75 /* Sources */ = {
			isa = PBXSourcesBuildPhase;
			buildActionMask = 2147483647;
			files = (
				3F2665D51BE9EB1D00100C75 /* TDImagePickerTests.m in Sources */,
			);
			runOnlyForDeploymentPostprocessing = 0;
		};
		3F2665D71BE9EB1D00100C75 /* Sources */ = {
			isa = PBXSourcesBuildPhase;
			buildActionMask = 2147483647;
			files = (
				3F2665E01BE9EB1D00100C75 /* TDImagePickerUITests.m in Sources */,
			);
			runOnlyForDeploymentPostprocessing = 0;
		};
/* End PBXSourcesBuildPhase section */

/* Begin PBXTargetDependency section */
		3F2665D21BE9EB1D00100C75 /* PBXTargetDependency */ = {
			isa = PBXTargetDependency;
			target = 3F2665B61BE9EB1C00100C75 /* TDImagePicker */;
			targetProxy = 3F2665D11BE9EB1D00100C75 /* PBXContainerItemProxy */;
		};
		3F2665DD1BE9EB1D00100C75 /* PBXTargetDependency */ = {
			isa = PBXTargetDependency;
			target = 3F2665B61BE9EB1C00100C75 /* TDImagePicker */;
			targetProxy = 3F2665DC1BE9EB1D00100C75 /* PBXContainerItemProxy */;
		};
/* End PBXTargetDependency section */

/* Begin PBXVariantGroup section */
		3F2665C31BE9EB1D00100C75 /* Main.storyboard */ = {
			isa = PBXVariantGroup;
			children = (
				3F2665C41BE9EB1D00100C75 /* Base */,
			);
			name = Main.storyboard;
			sourceTree = "<group>";
		};
		3F2665C81BE9EB1D00100C75 /* LaunchScreen.storyboard */ = {
			isa = PBXVariantGroup;
			children = (
				3F2665C91BE9EB1D00100C75 /* Base */,
			);
			name = LaunchScreen.storyboard;
			sourceTree = "<group>";
		};
/* End PBXVariantGroup section */

/* Begin XCBuildConfiguration section */
		3F2665E21BE9EB1D00100C75 /* Debug */ = {
			isa = XCBuildConfiguration;
			buildSettings = {
				ALWAYS_SEARCH_USER_PATHS = NO;
				CLANG_CXX_LANGUAGE_STANDARD = "gnu++0x";
				CLANG_CXX_LIBRARY = "libc++";
				CLANG_ENABLE_MODULES = YES;
				CLANG_ENABLE_OBJC_ARC = YES;
				CLANG_WARN_BOOL_CONVERSION = YES;
				CLANG_WARN_CONSTANT_CONVERSION = YES;
				CLANG_WARN_DIRECT_OBJC_ISA_USAGE = YES_ERROR;
				CLANG_WARN_EMPTY_BODY = YES;
				CLANG_WARN_ENUM_CONVERSION = YES;
				CLANG_WARN_INT_CONVERSION = YES;
				CLANG_WARN_OBJC_ROOT_CLASS = YES_ERROR;
				CLANG_WARN_UNREACHABLE_CODE = YES;
				CLANG_WARN__DUPLICATE_METHOD_MATCH = YES;
				"CODE_SIGN_IDENTITY[sdk=iphoneos*]" = "iPhone Developer";
				COPY_PHASE_STRIP = NO;
				DEBUG_INFORMATION_FORMAT = dwarf;
				ENABLE_STRICT_OBJC_MSGSEND = YES;
				ENABLE_TESTABILITY = YES;
				GCC_C_LANGUAGE_STANDARD = gnu99;
				GCC_DYNAMIC_NO_PIC = NO;
				GCC_NO_COMMON_BLOCKS = YES;
				GCC_OPTIMIZATION_LEVEL = 0;
				GCC_PREPROCESSOR_DEFINITIONS = (
					"DEBUG=1",
					"$(inherited)",
				);
				GCC_WARN_64_TO_32_BIT_CONVERSION = YES;
				GCC_WARN_ABOUT_RETURN_TYPE = YES_ERROR;
				GCC_WARN_UNDECLARED_SELECTOR = YES;
				GCC_WARN_UNINITIALIZED_AUTOS = YES_AGGRESSIVE;
				GCC_WARN_UNUSED_FUNCTION = YES;
				GCC_WARN_UNUSED_VARIABLE = YES;
				IPHONEOS_DEPLOYMENT_TARGET = 9.1;
				MTL_ENABLE_DEBUG_INFO = YES;
				ONLY_ACTIVE_ARCH = YES;
				SDKROOT = iphoneos;
			};
			name = Debug;
		};
		3F2665E31BE9EB1D00100C75 /* Release */ = {
			isa = XCBuildConfiguration;
			buildSettings = {
				ALWAYS_SEARCH_USER_PATHS = NO;
				CLANG_CXX_LANGUAGE_STANDARD = "gnu++0x";
				CLANG_CXX_LIBRARY = "libc++";
				CLANG_ENABLE_MODULES = YES;
				CLANG_ENABLE_OBJC_ARC = YES;
				CLANG_WARN_BOOL_CONVERSION = YES;
				CLANG_WARN_CONSTANT_CONVERSION = YES;
				CLANG_WARN_DIRECT_OBJC_ISA_USAGE = YES_ERROR;
				CLANG_WARN_EMPTY_BODY = YES;
				CLANG_WARN_ENUM_CONVERSION = YES;
				CLANG_WARN_INT_CONVERSION = YES;
				CLANG_WARN_OBJC_ROOT_CLASS = YES_ERROR;
				CLANG_WARN_UNREACHABLE_CODE = YES;
				CLANG_WARN__DUPLICATE_METHOD_MATCH = YES;
				"CODE_SIGN_IDENTITY[sdk=iphoneos*]" = "iPhone Developer";
				COPY_PHASE_STRIP = NO;
				DEBUG_INFORMATION_FORMAT = "dwarf-with-dsym";
				ENABLE_NS_ASSERTIONS = NO;
				ENABLE_STRICT_OBJC_MSGSEND = YES;
				GCC_C_LANGUAGE_STANDARD = gnu99;
				GCC_NO_COMMON_BLOCKS = YES;
				GCC_WARN_64_TO_32_BIT_CONVERSION = YES;
				GCC_WARN_ABOUT_RETURN_TYPE = YES_ERROR;
				GCC_WARN_UNDECLARED_SELECTOR = YES;
				GCC_WARN_UNINITIALIZED_AUTOS = YES_AGGRESSIVE;
				GCC_WARN_UNUSED_FUNCTION = YES;
				GCC_WARN_UNUSED_VARIABLE = YES;
				IPHONEOS_DEPLOYMENT_TARGET = 9.1;
				MTL_ENABLE_DEBUG_INFO = NO;
				SDKROOT = iphoneos;
				VALIDATE_PRODUCT = YES;
			};
			name = Release;
		};
		3F2665E51BE9EB1D00100C75 /* Debug */ = {
			isa = XCBuildConfiguration;
			buildSettings = {
				ASSETCATALOG_COMPILER_APPICON_NAME = AppIcon;
				INFOPLIST_FILE = TDImagePicker/Info.plist;
				LD_RUNPATH_SEARCH_PATHS = "$(inherited) @executable_path/Frameworks";
				PRODUCT_BUNDLE_IDENTIFIER = "Su-Jiandong.TDImagePicker";
				PRODUCT_NAME = "$(TARGET_NAME)";
			};
			name = Debug;
		};
		3F2665E61BE9EB1D00100C75 /* Release */ = {
			isa = XCBuildConfiguration;
			buildSettings = {
				ASSETCATALOG_COMPILER_APPICON_NAME = AppIcon;
				INFOPLIST_FILE = TDImagePicker/Info.plist;
				LD_RUNPATH_SEARCH_PATHS = "$(inherited) @executable_path/Frameworks";
				PRODUCT_BUNDLE_IDENTIFIER = "Su-Jiandong.TDImagePicker";
				PRODUCT_NAME = "$(TARGET_NAME)";
			};
			name = Release;
		};
		3F2665E81BE9EB1D00100C75 /* Debug */ = {
			isa = XCBuildConfiguration;
			buildSettings = {
				BUNDLE_LOADER = "$(TEST_HOST)";
				INFOPLIST_FILE = TDImagePickerTests/Info.plist;
				LD_RUNPATH_SEARCH_PATHS = "$(inherited) @executable_path/Frameworks @loader_path/Frameworks";
				PRODUCT_BUNDLE_IDENTIFIER = "Su-Jiandong.TDImagePickerTests";
				PRODUCT_NAME = "$(TARGET_NAME)";
				TEST_HOST = "$(BUILT_PRODUCTS_DIR)/TDImagePicker.app/TDImagePicker";
			};
			name = Debug;
		};
		3F2665E91BE9EB1D00100C75 /* Release */ = {
			isa = XCBuildConfiguration;
			buildSettings = {
				BUNDLE_LOADER = "$(TEST_HOST)";
				INFOPLIST_FILE = TDImagePickerTests/Info.plist;
				LD_RUNPATH_SEARCH_PATHS = "$(inherited) @executable_path/Frameworks @loader_path/Frameworks";
				PRODUCT_BUNDLE_IDENTIFIER = "Su-Jiandong.TDImagePickerTests";
				PRODUCT_NAME = "$(TARGET_NAME)";
				TEST_HOST = "$(BUILT_PRODUCTS_DIR)/TDImagePicker.app/TDImagePicker";
			};
			name = Release;
		};
		3F2665EB1BE9EB1D00100C75 /* Debug */ = {
			isa = XCBuildConfiguration;
			buildSettings = {
				INFOPLIST_FILE = TDImagePickerUITests/Info.plist;
				LD_RUNPATH_SEARCH_PATHS = "$(inherited) @executable_path/Frameworks @loader_path/Frameworks";
				PRODUCT_BUNDLE_IDENTIFIER = "Su-Jiandong.TDImagePickerUITests";
				PRODUCT_NAME = "$(TARGET_NAME)";
				TEST_TARGET_NAME = TDImagePicker;
				USES_XCTRUNNER = YES;
			};
			name = Debug;
		};
		3F2665EC1BE9EB1D00100C75 /* Release */ = {
			isa = XCBuildConfiguration;
			buildSettings = {
				INFOPLIST_FILE = TDImagePickerUITests/Info.plist;
				LD_RUNPATH_SEARCH_PATHS = "$(inherited) @executable_path/Frameworks @loader_path/Frameworks";
				PRODUCT_BUNDLE_IDENTIFIER = "Su-Jiandong.TDImagePickerUITests";
				PRODUCT_NAME = "$(TARGET_NAME)";
				TEST_TARGET_NAME = TDImagePicker;
				USES_XCTRUNNER = YES;
			};
			name = Release;
		};
/* End XCBuildConfiguration section */

/* Begin XCConfigurationList section */
		3F2665B21BE9EB1C00100C75 /* Build configuration list for PBXProject "TDImagePicker" */ = {
			isa = XCConfigurationList;
			buildConfigurations = (
				3F2665E21BE9EB1D00100C75 /* Debug */,
				3F2665E31BE9EB1D00100C75 /* Release */,
			);
			defaultConfigurationIsVisible = 0;
			defaultConfigurationName = Release;
		};
		3F2665E41BE9EB1D00100C75 /* Build configuration list for PBXNativeTarget "TDImagePicker" */ = {
			isa = XCConfigurationList;
			buildConfigurations = (
				3F2665E51BE9EB1D00100C75 /* Debug */,
				3F2665E61BE9EB1D00100C75 /* Release */,
			);
			defaultConfigurationIsVisible = 0;
		};
		3F2665E71BE9EB1D00100C75 /* Build configuration list for PBXNativeTarget "TDImagePickerTests" */ = {
			isa = XCConfigurationList;
			buildConfigurations = (
				3F2665E81BE9EB1D00100C75 /* Debug */,
				3F2665E91BE9EB1D00100C75 /* Release */,
			);
			defaultConfigurationIsVisible = 0;
		};
		3F2665EA1BE9EB1D00100C75 /* Build configuration list for PBXNativeTarget "TDImagePickerUITests" */ = {
			isa = XCConfigurationList;
			buildConfigurations = (
				3F2665EB1BE9EB1D00100C75 /* Debug */,
				3F2665EC1BE9EB1D00100C75 /* Release */,
			);
			defaultConfigurationIsVisible = 0;
		};
/* End XCConfigurationList section */
	};
	rootObject = 3F2665AF1BE9EB1C00100C75 /* Project object */;
}
